// !$*UTF8*$!
{
	archiveVersion = 1;
	classes = {
	};
	objectVersion = 46;
	objects = {

/* Begin PBXBuildFile section */
		F1CB61051C7281C30033AA2A /* AppDelegate.swift in Sources */ = {isa = PBXBuildFile; fileRef = F1CB61041C7281C30033AA2A /* AppDelegate.swift */; };
		F1CB61071C7281C30033AA2A /* ViewController.swift in Sources */ = {isa = PBXBuildFile; fileRef = F1CB61061C7281C30033AA2A /* ViewController.swift */; };
		F1CB610A1C7281C30033AA2A /* Main.storyboard in Resources */ = {isa = PBXBuildFile; fileRef = F1CB61081C7281C30033AA2A /* Main.storyboard */; };
		F1CB610C1C7281C30033AA2A /* Assets.xcassets in Resources */ = {isa = PBXBuildFile; fileRef = F1CB610B1C7281C30033AA2A /* Assets.xcassets */; };
		F1CB610F1C7281C30033AA2A /* LaunchScreen.storyboard in Resources */ = {isa = PBXBuildFile; fileRef = F1CB610D1C7281C30033AA2A /* LaunchScreen.storyboard */; };
		F1CB61191C72CC440033AA2A /* UIActivityViewController+Title.swift in Sources */ = {isa = PBXBuildFile; fileRef = F1CB61181C72CC440033AA2A /* UIActivityViewController+Title.swift */; };
/* End PBXBuildFile section */

/* Begin PBXFileReference section */
		F1CB61011C7281C30033AA2A /* TitledActivitiesDemo.app */ = {isa = PBXFileReference; explicitFileType = wrapper.application; includeInIndex = 0; path = TitledActivitiesDemo.app; sourceTree = BUILT_PRODUCTS_DIR; };
		F1CB61041C7281C30033AA2A /* AppDelegate.swift */ = {isa = PBXFileReference; lastKnownFileType = sourcecode.swift; path = AppDelegate.swift; sourceTree = "<group>"; };
		F1CB61061C7281C30033AA2A /* ViewController.swift */ = {isa = PBXFileReference; lastKnownFileType = sourcecode.swift; path = ViewController.swift; sourceTree = "<group>"; };
		F1CB61091C7281C30033AA2A /* Base */ = {isa = PBXFileReference; lastKnownFileType = file.storyboard; name = Base; path = Base.lproj/Main.storyboard; sourceTree = "<group>"; };
		F1CB610B1C7281C30033AA2A /* Assets.xcassets */ = {isa = PBXFileReference; lastKnownFileType = folder.assetcatalog; path = Assets.xcassets; sourceTree = "<group>"; };
		F1CB610E1C7281C30033AA2A /* Base */ = {isa = PBXFileReference; lastKnownFileType = file.storyboard; name = Base; path = Base.lproj/LaunchScreen.storyboard; sourceTree = "<group>"; };
		F1CB61101C7281C30033AA2A /* Info.plist */ = {isa = PBXFileReference; lastKnownFileType = text.plist.xml; path = Info.plist; sourceTree = "<group>"; };
		F1CB61181C72CC440033AA2A /* UIActivityViewController+Title.swift */ = {isa = PBXFileReference; fileEncoding = 4; lastKnownFileType = sourcecode.swift; path = "UIActivityViewController+Title.swift"; sourceTree = "<group>"; };
/* End PBXFileReference section */

/* Begin PBXFrameworksBuildPhase section */
		F1CB60FE1C7281C30033AA2A /* Frameworks */ = {
			isa = PBXFrameworksBuildPhase;
			buildActionMask = 2147483647;
			files = (
			);
			runOnlyForDeploymentPostprocessing = 0;
		};
/* End PBXFrameworksBuildPhase section */

/* Begin PBXGroup section */
		F1CB60F81C7281C30033AA2A = {
			isa = PBXGroup;
			children = (
				F1CB61031C7281C30033AA2A /* TitledActivitiesDemo */,
				F1CB61021C7281C30033AA2A /* Products */,
			);
			sourceTree = "<group>";
		};
		F1CB61021C7281C30033AA2A /* Products */ = {
			isa = PBXGroup;
			children = (
				F1CB61011C7281C30033AA2A /* TitledActivitiesDemo.app */,
			);
			name = Products;
			sourceTree = "<group>";
		};
		F1CB61031C7281C30033AA2A /* TitledActivitiesDemo */ = {
			isa = PBXGroup;
			children = (
				F1CB61041C7281C30033AA2A /* AppDelegate.swift */,
				F1CB61061C7281C30033AA2A /* ViewController.swift */,
				F1CB61181C72CC440033AA2A /* UIActivityViewController+Title.swift */,
				F1CB61081C7281C30033AA2A /* Main.storyboard */,
				F1CB610B1C7281C30033AA2A /* Assets.xcassets */,
				F1CB610D1C7281C30033AA2A /* LaunchScreen.storyboard */,
				F1CB61101C7281C30033AA2A /* Info.plist */,
			);
			path = TitledActivitiesDemo;
			sourceTree = "<group>";
		};
/* End PBXGroup section */

/* Begin PBXNativeTarget section */
		F1CB61001C7281C30033AA2A /* TitledActivitiesDemo */ = {
			isa = PBXNativeTarget;
			buildConfigurationList = F1CB61131C7281C30033AA2A /* Build configuration list for PBXNativeTarget "TitledActivitiesDemo" */;
			buildPhases = (
				F1CB60FD1C7281C30033AA2A /* Sources */,
				F1CB60FE1C7281C30033AA2A /* Frameworks */,
				F1CB60FF1C7281C30033AA2A /* Resources */,
			);
			buildRules = (
			);
			dependencies = (
			);
			name = TitledActivitiesDemo;
			productName = TitledActivitiesDemo;
			productReference = F1CB61011C7281C30033AA2A /* TitledActivitiesDemo.app */;
			productType = "com.apple.product-type.application";
		};
/* End PBXNativeTarget section */

/* Begin PBXProject section */
		F1CB60F91C7281C30033AA2A /* Project object */ = {
			isa = PBXProject;
			attributes = {
				LastSwiftUpdateCheck = 0720;
				LastUpgradeCheck = 0720;
				ORGANIZATIONNAME = "Jerry Yu";
				TargetAttributes = {
					F1CB61001C7281C30033AA2A = {
						CreatedOnToolsVersion = 7.2;
					};
				};
			};
			buildConfigurationList = F1CB60FC1C7281C30033AA2A /* Build configuration list for PBXProject "TitledActivitiesDemo" */;
			compatibilityVersion = "Xcode 3.2";
			developmentRegion = English;
			hasScannedForEncodings = 0;
			knownRegions = (
				en,
				Base,
			);
			mainGroup = F1CB60F81C7281C30033AA2A;
			productRefGroup = F1CB61021C7281C30033AA2A /* Products */;
			projectDirPath = "";
			projectRoot = "";
			targets = (
				F1CB61001C7281C30033AA2A /* TitledActivitiesDemo */,
			);
		};
/* End PBXProject section */

/* Begin PBXResourcesBuildPhase section */
		F1CB60FF1C7281C30033AA2A /* Resources */ = {
			isa = PBXResourcesBuildPhase;
			buildActionMask = 2147483647;
			files = (
				F1CB610F1C7281C30033AA2A /* LaunchScreen.storyboard in Resources */,
				F1CB610C1C7281C30033AA2A /* Assets.xcassets in Resources */,
				F1CB610A1C7281C30033AA2A /* Main.storyboard in Resources */,
			);
			runOnlyForDeploymentPostprocessing = 0;
		};
/* End PBXResourcesBuildPhase section */

/* Begin PBXSourcesBuildPhase section */
		F1CB60FD1C7281C30033AA2A /* Sources */ = {
			isa = PBXSourcesBuildPhase;
			buildActionMask = 2147483647;
			files = (
				F1CB61071C7281C30033AA2A /* ViewController.swift in Sources */,
				F1CB61191C72CC440033AA2A /* UIActivityViewController+Title.swift in Sources */,
				F1CB61051C7281C30033AA2A /* AppDelegate.swift in Sources */,
			);
			runOnlyForDeploymentPostprocessing = 0;
		};
/* End PBXSourcesBuildPhase section */

/* Begin PBXVariantGroup section */
		F1CB61081C7281C30033AA2A /* Main.storyboard */ = {
			isa = PBXVariantGroup;
			children = (
				F1CB61091C7281C30033AA2A /* Base */,
			);
			name = Main.storyboard;
			sourceTree = "<group>";
		};
		F1CB610D1C7281C30033AA2A /* LaunchScreen.storyboard */ = {
			isa = PBXVariantGroup;
			children = (
				F1CB610E1C7281C30033AA2A /* Base */,
			);
			name = LaunchScreen.storyboard;
			sourceTree = "<group>";
		};
/* End PBXVariantGroup section */

/* Begin XCBuildConfiguration section */
		F1CB61111C7281C30033AA2A /* Debug */ = {
			isa = XCBuildConfiguration;
			buildSettings = {
				ALWAYS_SEARCH_USER_PATHS = NO;
				CLANG_CXX_LANGUAGE_STANDARD = "gnu++0x";
				CLANG_CXX_LIBRARY = "libc++";
				CLANG_ENABLE_MODULES = YES;
				CLANG_ENABLE_OBJC_ARC = YES;
				CLANG_WARN_BOOL_CONVERSION = YES;
				CLANG_WARN_CONSTANT_CONVERSION = YES;
				CLANG_WARN_DIRECT_OBJC_ISA_USAGE = YES_ERROR;
				CLANG_WARN_EMPTY_BODY = YES;
				CLANG_WARN_ENUM_CONVERSION = YES;
				CLANG_WARN_INT_CONVERSION = YES;
				CLANG_WARN_OBJC_ROOT_CLASS = YES_ERROR;
				CLANG_WARN_UNREACHABLE_CODE = YES;
				CLANG_WARN__DUPLICATE_METHOD_MATCH = YES;
				"CODE_SIGN_IDENTITY[sdk=iphoneos*]" = "iPhone Developer";
				COPY_PHASE_STRIP = NO;
				DEBUG_INFORMATION_FORMAT = dwarf;
				ENABLE_STRICT_OBJC_MSGSEND = YES;
				ENABLE_TESTABILITY = YES;
				GCC_C_LANGUAGE_STANDARD = gnu99;
				GCC_DYNAMIC_NO_PIC = NO;
				GCC_NO_COMMON_BLOCKS = YES;
				GCC_OPTIMIZATION_LEVEL = 0;
				GCC_PREPROCESSOR_DEFINITIONS = (
					"DEBUG=1",
					"$(inherited)",
				);
				GCC_WARN_64_TO_32_BIT_CONVERSION = YES;
				GCC_WARN_ABOUT_RETURN_TYPE = YES_ERROR;
				GCC_WARN_UNDECLARED_SELECTOR = YES;
				GCC_WARN_UNINITIALIZED_AUTOS = YES_AGGRESSIVE;
				GCC_WARN_UNUSED_FUNCTION = YES;
				GCC_WARN_UNUSED_VARIABLE = YES;
				IPHONEOS_DEPLOYMENT_TARGET = 9.2;
				MTL_ENABLE_DEBUG_INFO = YES;
				ONLY_ACTIVE_ARCH = YES;
				SDKROOT = iphoneos;
				SWIFT_OPTIMIZATION_LEVEL = "-Onone";
			};
			name = Debug;
		};
		F1CB61121C7281C30033AA2A /* Release */ = {
			isa = XCBuildConfiguration;
			buildSettings = {
				ALWAYS_SEARCH_USER_PATHS = NO;
				CLANG_CXX_LANGUAGE_STANDARD = "gnu++0x";
				CLANG_CXX_LIBRARY = "libc++";
				CLANG_ENABLE_MODULES = YES;
				CLANG_ENABLE_OBJC_ARC = YES;
				CLANG_WARN_BOOL_CONVERSION = YES;
				CLANG_WARN_CONSTANT_CONVERSION = YES;
				CLANG_WARN_DIRECT_OBJC_ISA_USAGE = YES_ERROR;
				CLANG_WARN_EMPTY_BODY = YES;
				CLANG_WARN_ENUM_CONVERSION = YES;
				CLANG_WARN_INT_CONVERSION = YES;
				CLANG_WARN_OBJC_ROOT_CLASS = YES_ERROR;
				CLANG_WARN_UNREACHABLE_CODE = YES;
				CLANG_WARN__DUPLICATE_METHOD_MATCH = YES;
				"CODE_SIGN_IDENTITY[sdk=iphoneos*]" = "iPhone Developer";
				COPY_PHASE_STRIP = NO;
				DEBUG_INFORMATION_FORMAT = "dwarf-with-dsym";
				ENABLE_NS_ASSERTIONS = NO;
				ENABLE_STRICT_OBJC_MSGSEND = YES;
				GCC_C_LANGUAGE_STANDARD = gnu99;
				GCC_NO_COMMON_BLOCKS = YES;
				GCC_WARN_64_TO_32_BIT_CONVERSION = YES;
				GCC_WARN_ABOUT_RETURN_TYPE = YES_ERROR;
				GCC_WARN_UNDECLARED_SELECTOR = YES;
				GCC_WARN_UNINITIALIZED_AUTOS = YES_AGGRESSIVE;
				GCC_WARN_UNUSED_FUNCTION = YES;
				GCC_WARN_UNUSED_VARIABLE = YES;
				IPHONEOS_DEPLOYMENT_TARGET = 9.2;
				MTL_ENABLE_DEBUG_INFO = NO;
				SDKROOT = iphoneos;
				VALIDATE_PRODUCT = YES;
			};
			name = Release;
		};
		F1CB61141C7281C30033AA2A /* Debug */ = {
			isa = XCBuildConfiguration;
			buildSettings = {
				ASSETCATALOG_COMPILER_APPICON_NAME = AppIcon;
				INFOPLIST_FILE = TitledActivitiesDemo/Info.plist;
				LD_RUNPATH_SEARCH_PATHS = "$(inherited) @executable_path/Frameworks";
				PRODUCT_BUNDLE_IDENTIFIER = ca.jerryyu.demo.TitledActivitiesDemo;
				PRODUCT_NAME = "$(TARGET_NAME)";
			};
			name = Debug;
		};
		F1CB61151C7281C30033AA2A /* Release */ = {
			isa = XCBuildConfiguration;
			buildSettings = {
				ASSETCATALOG_COMPILER_APPICON_NAME = AppIcon;
				INFOPLIST_FILE = TitledActivitiesDemo/Info.plist;
				LD_RUNPATH_SEARCH_PATHS = "$(inherited) @executable_path/Frameworks";
				PRODUCT_BUNDLE_IDENTIFIER = ca.jerryyu.demo.TitledActivitiesDemo;
				PRODUCT_NAME = "$(TARGET_NAME)";
			};
			name = Release;
		};
/* End XCBuildConfiguration section */

/* Begin XCConfigurationList section */
		F1CB60FC1C7281C30033AA2A /* Build configuration list for PBXProject "TitledActivitiesDemo" */ = {
			isa = XCConfigurationList;
			buildConfigurations = (
				F1CB61111C7281C30033AA2A /* Debug */,
				F1CB61121C7281C30033AA2A /* Release */,
			);
			defaultConfigurationIsVisible = 0;
			defaultConfigurationName = Release;
		};
		F1CB61131C7281C30033AA2A /* Build configuration list for PBXNativeTarget "TitledActivitiesDemo" */ = {
			isa = XCConfigurationList;
			buildConfigurations = (
				F1CB61141C7281C30033AA2A /* Debug */,
				F1CB61151C7281C30033AA2A /* Release */,
			);
			defaultConfigurationIsVisible = 0;
		};
/* End XCConfigurationList section */
	};
	rootObject = F1CB60F91C7281C30033AA2A /* Project object */;
}
